
Microsoft Visual Studio Solution File, Format Version 12.00
# Visual Studio 2013
VisualStudioVersion = 12.0.21005.1
MinimumVisualStudioVersion = 10.0.40219.1
Project("{8BC9CEB8-8B4A-11D0-8D11-00A0C91BC942}") = "vector", "vector\vector.vcxproj", "{F1634D19-C954-41CA-ADBB-168EF118F816}"
EndProject
Project("{8BC9CEB8-8B4A-11D0-8D11-00A0C91BC942}") = "vector应用", "vector应用\vector应用.vcxproj", "{6AFF2AE7-AFD6-42B4-9C00-3E88CF73D0E6}"
EndProject
Global
	GlobalSection(SolutionConfigurationPlatforms) = preSolution
		Debug|Win32 = Debug|Win32
		Release|Win32 = Release|Win32
	EndGlobalSection
	GlobalSection(ProjectConfigurationPlatforms) = postSolution
		{F1634D19-C954-41CA-ADBB-168EF118F816}.Debug|Win32.ActiveCfg = Debug|Win32
		{F1634D19-C954-41CA-ADBB-168EF118F816}.Debug|Win32.Build.0 = Debug|Win32
		{F1634D19-C954-41CA-ADBB-168EF118F816}.Release|Win32.ActiveCfg = Release|Win32
		{F1634D19-C954-41CA-ADBB-168EF118F816}.Release|Win32.Build.0 = Release|Win32
		{6AFF2AE7-AFD6-42B4-9C00-3E88CF73D0E6}.Debug|Win32.ActiveCfg = Debug|Win32
		{6AFF2AE7-AFD6-42B4-9C00-3E88CF73D0E6}.Debug|Win32.Build.0 = Debug|Win32
		{6AFF2AE7-AFD6-42B4-9C00-3E88CF73D0E6}.Release|Win32.ActiveCfg = Release|Win32
		{6AFF2AE7-AFD6-42B4-9C00-3E88CF73D0E6}.Release|Win32.Build.0 = Release|Win32
	EndGlobalSection
	GlobalSection(SolutionProperties) = preSolution
		HideSolutionNode = FALSE
	EndGlobalSection
EndGlobal
